dependencies:
- name: kubetasker-controller
  repository: file://../kubetasker-controller
  version: 0.2.2
- name: kubetasker-frontend
  repository: file://../kubetasker-frontend
  version: 0.2.2
digest: sha256:04fbe5fb9a30866493a487e83bdadb9d100bd4c575808c6b914d59ac500c4396
generated: "2026-01-18T23:40:14.160103625Z"
