dependencies:
- name: kubetasker-controller
  repository: file://../kubetasker-controller
  version: 0.2.1
- name: kubetasker-frontend
  repository: file://../kubetasker-frontend
  version: 0.2.1
digest: sha256:7f43f73473c584173211368b2ddce7fab2a24d507a66131351bc5eeb821bf95a
generated: "2026-01-18T22:38:32.156219098Z"
